
Microsoft Visual Studio Solution File, Format Version 12.00
# Visual Studio 2012
Project("{FAE04EC0-301F-11D3-BF4B-00C04F79EFBC}") = "ICS.Exhibition", "ICS.Exhibition\ICS.Exhibition.csproj", "{B3D6A160-9185-4F50-975E-B66DC16AEAEF}"
EndProject
Global
	GlobalSection(SolutionConfigurationPlatforms) = preSolution
		Debug|Any CPU = Debug|Any CPU
		Release|Any CPU = Release|Any CPU
	EndGlobalSection
	GlobalSection(ProjectConfigurationPlatforms) = postSolution
		{B3D6A160-9185-4F50-975E-B66DC16AEAEF}.Debug|Any CPU.ActiveCfg = Debug|Any CPU
		{B3D6A160-9185-4F50-975E-B66DC16AEAEF}.Debug|Any CPU.Build.0 = Debug|Any CPU
		{B3D6A160-9185-4F50-975E-B66DC16AEAEF}.Release|Any CPU.ActiveCfg = Release|Any CPU
		{B3D6A160-9185-4F50-975E-B66DC16AEAEF}.Release|Any CPU.Build.0 = Release|Any CPU
	EndGlobalSection
	GlobalSection(SolutionProperties) = preSolution
		HideSolutionNode = FALSE
	EndGlobalSection
EndGlobal
